
Microsoft Visual Studio Solution File, Format Version 12.00
# Visual Studio Version 16
VisualStudioVersion = 16.0.29409.12
MinimumVisualStudioVersion = 10.0.40219.1
Project("{FAE04EC0-301F-11D3-BF4B-00C04F79EFBC}") = "Test Scores", "Test Scores\Test Scores.csproj", "{61DB60AB-CCF4-4CCD-8DA5-7F2789CDD84C}"
EndProject
Global
	GlobalSection(SolutionConfigurationPlatforms) = preSolution
		Debug|Any CPU = Debug|Any CPU
		Release|Any CPU = Release|Any CPU
	EndGlobalSection
	GlobalSection(ProjectConfigurationPlatforms) = postSolution
		{61DB60AB-CCF4-4CCD-8DA5-7F2789CDD84C}.Debug|Any CPU.ActiveCfg = Debug|Any CPU
		{61DB60AB-CCF4-4CCD-8DA5-7F2789CDD84C}.Debug|Any CPU.Build.0 = Debug|Any CPU
		{61DB60AB-CCF4-4CCD-8DA5-7F2789CDD84C}.Release|Any CPU.ActiveCfg = Release|Any CPU
		{61DB60AB-CCF4-4CCD-8DA5-7F2789CDD84C}.Release|Any CPU.Build.0 = Release|Any CPU
	EndGlobalSection
	GlobalSection(SolutionProperties) = preSolution
		HideSolutionNode = FALSE
	EndGlobalSection
	GlobalSection(ExtensibilityGlobals) = postSolution
		SolutionGuid = {CB4C5EE4-0856-4D03-9BB4-80B478FEC899}
	EndGlobalSection
EndGlobal
